
Microsoft Visual Studio Solution File, Format Version 12.00
# Visual Studio Version 17
VisualStudioVersion = 17.5.002.0
MinimumVisualStudioVersion = 10.0.40219.1
Project("{2150E333-8FDC-42A3-9474-1A3956D46DE8}") = "sandbox", "sandbox", "{5A1E16FC-1E5C-415E-82EA-EDE5717ABA10}"
EndProject
Project("{9A19103F-16F7-4668-BE54-9A1E7A4F7556}") = "sandbox_project", "sandbox\sandbox_project\sandbox_project.csproj", "{803DCEB0-1495-4E5A-88E9-2E3581C5C5CD}"
EndProject
Project("{2150E333-8FDC-42A3-9474-1A3956D46DE8}") = "week01", "week01", "{EEABCF5B-94F9-4AF2-A796-1ECF77EDEBDC}"
EndProject
Project("{9A19103F-16F7-4668-BE54-9A1E7A4F7556}") = "analyze", "week01\analyze\analyze.csproj", "{5E117E9E-8063-4637-B805-53EDA95283FE}"
EndProject
Project("{9A19103F-16F7-4668-BE54-9A1E7A4F7556}") = "code", "week01\code\code.csproj", "{77D227A7-0475-48F5-B2AA-A6D48BB9011C}"
EndProject
Project("{9A19103F-16F7-4668-BE54-9A1E7A4F7556}") = "teach", "week01\teach\teach.csproj", "{D4B81961-20E4-4E4A-88C6-72C471562D83}"
EndProject
Project("{2150E333-8FDC-42A3-9474-1A3956D46DE8}") = "week02", "week02", "{8F0093D4-7F0B-4A9C-974A-F28A411217EB}"
EndProject
Project("{9A19103F-16F7-4668-BE54-9A1E7A4F7556}") = "analyze", "week02\analyze\analyze.csproj", "{B791F0A0-8C49-4DC9-B520-3976323BA2EC}"
EndProject
Project("{9A19103F-16F7-4668-BE54-9A1E7A4F7556}") = "code", "week02\code\code.csproj", "{7E8FA16B-6DF0-4BFC-8C85-DAAF4F6DD22A}"
EndProject
Project("{9A19103F-16F7-4668-BE54-9A1E7A4F7556}") = "learn", "week02\learn\learn.csproj", "{1EBFCF0A-B720-4034-804A-8544C263D7C4}"
EndProject
Project("{9A19103F-16F7-4668-BE54-9A1E7A4F7556}") = "teach", "week02\teach\teach.csproj", "{8C102225-97DF-42E1-9B71-D28952ED1AF7}"
EndProject
Project("{2150E333-8FDC-42A3-9474-1A3956D46DE8}") = "week03", "week03", "{D9E18BB2-C4A3-4A5A-A1CC-20F5B9FD45E8}"
EndProject
Project("{9A19103F-16F7-4668-BE54-9A1E7A4F7556}") = "code", "week03\code\code.csproj", "{269BA516-5D56-40EA-ACF1-5E7A67BAA264}"
EndProject
Project("{9A19103F-16F7-4668-BE54-9A1E7A4F7556}") = "learn", "week03\learn\learn.csproj", "{5EF220EC-6161-4830-A798-226292156A34}"
EndProject
Project("{9A19103F-16F7-4668-BE54-9A1E7A4F7556}") = "teach", "week03\teach\teach.csproj", "{F86E5A70-18B6-470E-B0D9-8B7F5E4958EA}"
EndProject
Project("{2150E333-8FDC-42A3-9474-1A3956D46DE8}") = "week04", "week04", "{8516846F-3B80-476D-BDBC-41AEAA3BE155}"
EndProject
Project("{9A19103F-16F7-4668-BE54-9A1E7A4F7556}") = "code", "week04\code\code.csproj", "{6867C556-91A8-46AC-BF41-9BC64AF759B6}"
EndProject
Project("{2150E333-8FDC-42A3-9474-1A3956D46DE8}") = "week05", "week05", "{2EDE28CB-F892-47E1-9AE0-5D46A338E6F6}"
EndProject
Project("{9A19103F-16F7-4668-BE54-9A1E7A4F7556}") = "code", "week05\code\code.csproj", "{3D01A015-C1B9-4474-8101-41179EF3DDFE}"
EndProject
Project("{2150E333-8FDC-42A3-9474-1A3956D46DE8}") = "week06", "week06", "{C5923006-E7A9-4C95-8256-7BC2D87C8F5A}"
EndProject
Project("{9A19103F-16F7-4668-BE54-9A1E7A4F7556}") = "code", "week06\code\code.csproj", "{C827E44E-B5E3-4B28-A177-AE9DC0C9403C}"
EndProject
Global
	GlobalSection(SolutionConfigurationPlatforms) = preSolution
		Debug|Any CPU = Debug|Any CPU
		Release|Any CPU = Release|Any CPU
	EndGlobalSection
	GlobalSection(ProjectConfigurationPlatforms) = postSolution
		{803DCEB0-1495-4E5A-88E9-2E3581C5C5CD}.Debug|Any CPU.ActiveCfg = Debug|Any CPU
		{803DCEB0-1495-4E5A-88E9-2E3581C5C5CD}.Debug|Any CPU.Build.0 = Debug|Any CPU
		{803DCEB0-1495-4E5A-88E9-2E3581C5C5CD}.Release|Any CPU.ActiveCfg = Release|Any CPU
		{803DCEB0-1495-4E5A-88E9-2E3581C5C5CD}.Release|Any CPU.Build.0 = Release|Any CPU
		{5E117E9E-8063-4637-B805-53EDA95283FE}.Debug|Any CPU.ActiveCfg = Debug|Any CPU
		{5E117E9E-8063-4637-B805-53EDA95283FE}.Debug|Any CPU.Build.0 = Debug|Any CPU
		{5E117E9E-8063-4637-B805-53EDA95283FE}.Release|Any CPU.ActiveCfg = Release|Any CPU
		{5E117E9E-8063-4637-B805-53EDA95283FE}.Release|Any CPU.Build.0 = Release|Any CPU
		{77D227A7-0475-48F5-B2AA-A6D48BB9011C}.Debug|Any CPU.ActiveCfg = Debug|Any CPU
		{77D227A7-0475-48F5-B2AA-A6D48BB9011C}.Debug|Any CPU.Build.0 = Debug|Any CPU
		{77D227A7-0475-48F5-B2AA-A6D48BB9011C}.Release|Any CPU.ActiveCfg = Release|Any CPU
		{77D227A7-0475-48F5-B2AA-A6D48BB9011C}.Release|Any CPU.Build.0 = Release|Any CPU
		{D4B81961-20E4-4E4A-88C6-72C471562D83}.Debug|Any CPU.ActiveCfg = Debug|Any CPU
		{D4B81961-20E4-4E4A-88C6-72C471562D83}.Debug|Any CPU.Build.0 = Debug|Any CPU
		{D4B81961-20E4-4E4A-88C6-72C471562D83}.Release|Any CPU.ActiveCfg = Release|Any CPU
		{D4B81961-20E4-4E4A-88C6-72C471562D83}.Release|Any CPU.Build.0 = Release|Any CPU
		{B791F0A0-8C49-4DC9-B520-3976323BA2EC}.Debug|Any CPU.ActiveCfg = Debug|Any CPU
		{B791F0A0-8C49-4DC9-B520-3976323BA2EC}.Debug|Any CPU.Build.0 = Debug|Any CPU
		{B791F0A0-8C49-4DC9-B520-3976323BA2EC}.Release|Any CPU.ActiveCfg = Release|Any CPU
		{B791F0A0-8C49-4DC9-B520-3976323BA2EC}.Release|Any CPU.Build.0 = Release|Any CPU
		{7E8FA16B-6DF0-4BFC-8C85-DAAF4F6DD22A}.Debug|Any CPU.ActiveCfg = Debug|Any CPU
		{7E8FA16B-6DF0-4BFC-8C85-DAAF4F6DD22A}.Debug|Any CPU.Build.0 = Debug|Any CPU
		{7E8FA16B-6DF0-4BFC-8C85-DAAF4F6DD22A}.Release|Any CPU.ActiveCfg = Release|Any CPU
		{7E8FA16B-6DF0-4BFC-8C85-DAAF4F6DD22A}.Release|Any CPU.Build.0 = Release|Any CPU
		{1EBFCF0A-B720-4034-804A-8544C263D7C4}.Debug|Any CPU.ActiveCfg = Debug|Any CPU
		{1EBFCF0A-B720-4034-804A-8544C263D7C4}.Debug|Any CPU.Build.0 = Debug|Any CPU
		{1EBFCF0A-B720-4034-804A-8544C263D7C4}.Release|Any CPU.ActiveCfg = Release|Any CPU
		{1EBFCF0A-B720-4034-804A-8544C263D7C4}.Release|Any CPU.Build.0 = Release|Any CPU
		{8C102225-97DF-42E1-9B71-D28952ED1AF7}.Debug|Any CPU.ActiveCfg = Debug|Any CPU
		{8C102225-97DF-42E1-9B71-D28952ED1AF7}.Debug|Any CPU.Build.0 = Debug|Any CPU
		{8C102225-97DF-42E1-9B71-D28952ED1AF7}.Release|Any CPU.ActiveCfg = Release|Any CPU
		{8C102225-97DF-42E1-9B71-D28952ED1AF7}.Release|Any CPU.Build.0 = Release|Any CPU
		{269BA516-5D56-40EA-ACF1-5E7A67BAA264}.Debug|Any CPU.ActiveCfg = Debug|Any CPU
		{269BA516-5D56-40EA-ACF1-5E7A67BAA264}.Debug|Any CPU.Build.0 = Debug|Any CPU
		{269BA516-5D56-40EA-ACF1-5E7A67BAA264}.Release|Any CPU.ActiveCfg = Release|Any CPU
		{269BA516-5D56-40EA-ACF1-5E7A67BAA264}.Release|Any CPU.Build.0 = Release|Any CPU
		{5EF220EC-6161-4830-A798-226292156A34}.Debug|Any CPU.ActiveCfg = Debug|Any CPU
		{5EF220EC-6161-4830-A798-226292156A34}.Debug|Any CPU.Build.0 = Debug|Any CPU
		{5EF220EC-6161-4830-A798-226292156A34}.Release|Any CPU.ActiveCfg = Release|Any CPU
		{5EF220EC-6161-4830-A798-226292156A34}.Release|Any CPU.Build.0 = Release|Any CPU
		{F86E5A70-18B6-470E-B0D9-8B7F5E4958EA}.Debug|Any CPU.ActiveCfg = Debug|Any CPU
		{F86E5A70-18B6-470E-B0D9-8B7F5E4958EA}.Debug|Any CPU.Build.0 = Debug|Any CPU
		{F86E5A70-18B6-470E-B0D9-8B7F5E4958EA}.Release|Any CPU.ActiveCfg = Release|Any CPU
		{F86E5A70-18B6-470E-B0D9-8B7F5E4958EA}.Release|Any CPU.Build.0 = Release|Any CPU
		{6867C556-91A8-46AC-BF41-9BC64AF759B6}.Debug|Any CPU.ActiveCfg = Debug|Any CPU
		{6867C556-91A8-46AC-BF41-9BC64AF759B6}.Debug|Any CPU.Build.0 = Debug|Any CPU
		{6867C556-91A8-46AC-BF41-9BC64AF759B6}.Release|Any CPU.ActiveCfg = Release|Any CPU
		{6867C556-91A8-46AC-BF41-9BC64AF759B6}.Release|Any CPU.Build.0 = Release|Any CPU
		{3D01A015-C1B9-4474-8101-41179EF3DDFE}.Debug|Any CPU.ActiveCfg = Debug|Any CPU
		{3D01A015-C1B9-4474-8101-41179EF3DDFE}.Debug|Any CPU.Build.0 = Debug|Any CPU
		{3D01A015-C1B9-4474-8101-41179EF3DDFE}.Release|Any CPU.ActiveCfg = Release|Any CPU
		{3D01A015-C1B9-4474-8101-41179EF3DDFE}.Release|Any CPU.Build.0 = Release|Any CPU
		{C827E44E-B5E3-4B28-A177-AE9DC0C9403C}.Debug|Any CPU.ActiveCfg = Debug|Any CPU
		{C827E44E-B5E3-4B28-A177-AE9DC0C9403C}.Debug|Any CPU.Build.0 = Debug|Any CPU
		{C827E44E-B5E3-4B28-A177-AE9DC0C9403C}.Release|Any CPU.ActiveCfg = Release|Any CPU
		{C827E44E-B5E3-4B28-A177-AE9DC0C9403C}.Release|Any CPU.Build.0 = Release|Any CPU
	EndGlobalSection
	GlobalSection(SolutionProperties) = preSolution
		HideSolutionNode = FALSE
	EndGlobalSection
	GlobalSection(NestedProjects) = preSolution
		{803DCEB0-1495-4E5A-88E9-2E3581C5C5CD} = {5A1E16FC-1E5C-415E-82EA-EDE5717ABA10}
		{5E117E9E-8063-4637-B805-53EDA95283FE} = {EEABCF5B-94F9-4AF2-A796-1ECF77EDEBDC}
		{77D227A7-0475-48F5-B2AA-A6D48BB9011C} = {EEABCF5B-94F9-4AF2-A796-1ECF77EDEBDC}
		{D4B81961-20E4-4E4A-88C6-72C471562D83} = {EEABCF5B-94F9-4AF2-A796-1ECF77EDEBDC}
		{B791F0A0-8C49-4DC9-B520-3976323BA2EC} = {8F0093D4-7F0B-4A9C-974A-F28A411217EB}
		{7E8FA16B-6DF0-4BFC-8C85-DAAF4F6DD22A} = {8F0093D4-7F0B-4A9C-974A-F28A411217EB}
		{1EBFCF0A-B720-4034-804A-8544C263D7C4} = {8F0093D4-7F0B-4A9C-974A-F28A411217EB}
		{8C102225-97DF-42E1-9B71-D28952ED1AF7} = {8F0093D4-7F0B-4A9C-974A-F28A411217EB}
		{269BA516-5D56-40EA-ACF1-5E7A67BAA264} = {D9E18BB2-C4A3-4A5A-A1CC-20F5B9FD45E8}
		{5EF220EC-6161-4830-A798-226292156A34} = {D9E18BB2-C4A3-4A5A-A1CC-20F5B9FD45E8}
		{F86E5A70-18B6-470E-B0D9-8B7F5E4958EA} = {D9E18BB2-C4A3-4A5A-A1CC-20F5B9FD45E8}
		{6867C556-91A8-46AC-BF41-9BC64AF759B6} = {8516846F-3B80-476D-BDBC-41AEAA3BE155}
		{3D01A015-C1B9-4474-8101-41179EF3DDFE} = {2EDE28CB-F892-47E1-9AE0-5D46A338E6F6}
		{C827E44E-B5E3-4B28-A177-AE9DC0C9403C} = {C5923006-E7A9-4C95-8256-7BC2D87C8F5A}
	EndGlobalSection
	GlobalSection(ExtensibilityGlobals) = postSolution
		SolutionGuid = {79EDCC9C-D71F-41F7-920A-57A8338CE52F}
	EndGlobalSection
EndGlobal
